
Microsoft Visual Studio Solution File, Format Version 12.00
# Visual Studio Version 17
VisualStudioVersion = 17.5.33424.131
MinimumVisualStudioVersion = 10.0.40219.1
Project("{FAE04EC0-301F-11D3-BF4B-00C04F79EFBC}") = "Client", "Client\Client.csproj", "{211E4F23-2B7F-49F0-ADA5-141C9FADF8F9}"
EndProject
Global
	GlobalSection(SolutionConfigurationPlatforms) = preSolution
		Debug|Any CPU = Debug|Any CPU
		Release|Any CPU = Release|Any CPU
	EndGlobalSection
	GlobalSection(ProjectConfigurationPlatforms) = postSolution
		{211E4F23-2B7F-49F0-ADA5-141C9FADF8F9}.Debug|Any CPU.ActiveCfg = Debug|Any CPU
		{211E4F23-2B7F-49F0-ADA5-141C9FADF8F9}.Debug|Any CPU.Build.0 = Debug|Any CPU
		{211E4F23-2B7F-49F0-ADA5-141C9FADF8F9}.Release|Any CPU.ActiveCfg = Release|Any CPU
		{211E4F23-2B7F-49F0-ADA5-141C9FADF8F9}.Release|Any CPU.Build.0 = Release|Any CPU
	EndGlobalSection
	GlobalSection(SolutionProperties) = preSolution
		HideSolutionNode = FALSE
	EndGlobalSection
	GlobalSection(ExtensibilityGlobals) = postSolution
		SolutionGuid = {0A6A3601-0E32-45E4-8F1D-0B39815B7761}
	EndGlobalSection
EndGlobal
