
Microsoft Visual Studio Solution File, Format Version 12.00
# Visual Studio Version 17
VisualStudioVersion = 17.5.33424.131
MinimumVisualStudioVersion = 10.0.40219.1
Project("{FAE04EC0-301F-11D3-BF4B-00C04F79EFBC}") = "Server", "Server\Server.csproj", "{C1EC77F2-8E9B-4E9E-BBCE-42146B8F72B6}"
EndProject
Project("{FAE04EC0-301F-11D3-BF4B-00C04F79EFBC}") = "MaxConnectionTest", "MaxConnectionTest\MaxConnectionTest.csproj", "{8AB30356-7F57-48DB-B979-5F0FB99EDF23}"
EndProject
Global
	GlobalSection(SolutionConfigurationPlatforms) = preSolution
		Debug|Any CPU = Debug|Any CPU
		Release|Any CPU = Release|Any CPU
	EndGlobalSection
	GlobalSection(ProjectConfigurationPlatforms) = postSolution
		{C1EC77F2-8E9B-4E9E-BBCE-42146B8F72B6}.Debug|Any CPU.ActiveCfg = Debug|Any CPU
		{C1EC77F2-8E9B-4E9E-BBCE-42146B8F72B6}.Debug|Any CPU.Build.0 = Debug|Any CPU
		{C1EC77F2-8E9B-4E9E-BBCE-42146B8F72B6}.Release|Any CPU.ActiveCfg = Release|Any CPU
		{C1EC77F2-8E9B-4E9E-BBCE-42146B8F72B6}.Release|Any CPU.Build.0 = Release|Any CPU
		{8AB30356-7F57-48DB-B979-5F0FB99EDF23}.Debug|Any CPU.ActiveCfg = Debug|Any CPU
		{8AB30356-7F57-48DB-B979-5F0FB99EDF23}.Debug|Any CPU.Build.0 = Debug|Any CPU
		{8AB30356-7F57-48DB-B979-5F0FB99EDF23}.Release|Any CPU.ActiveCfg = Release|Any CPU
		{8AB30356-7F57-48DB-B979-5F0FB99EDF23}.Release|Any CPU.Build.0 = Release|Any CPU
	EndGlobalSection
	GlobalSection(SolutionProperties) = preSolution
		HideSolutionNode = FALSE
	EndGlobalSection
	GlobalSection(ExtensibilityGlobals) = postSolution
		SolutionGuid = {1D756CD8-28A7-4211-96F5-2E795B4EFF39}
	EndGlobalSection
EndGlobal
