
Microsoft Visual Studio Solution File, Format Version 12.00
# Visual Studio Version 17
VisualStudioVersion = 17.5.33424.131
MinimumVisualStudioVersion = 10.0.40219.1
Project("{FAE04EC0-301F-11D3-BF4B-00C04F79EFBC}") = "CoreLib", "CoreLib\CoreLib.csproj", "{D825B09B-0752-4752-90BB-6816CE8AA372}"
EndProject
Project("{FAE04EC0-301F-11D3-BF4B-00C04F79EFBC}") = "UnitTests", "UnitTests\UnitTests.csproj", "{8B037511-BED7-4B88-8BB9-AAF77BB59720}"
EndProject
Global
	GlobalSection(SolutionConfigurationPlatforms) = preSolution
		Debug|Any CPU = Debug|Any CPU
		Release|Any CPU = Release|Any CPU
	EndGlobalSection
	GlobalSection(ProjectConfigurationPlatforms) = postSolution
		{D825B09B-0752-4752-90BB-6816CE8AA372}.Debug|Any CPU.ActiveCfg = Debug|Any CPU
		{D825B09B-0752-4752-90BB-6816CE8AA372}.Debug|Any CPU.Build.0 = Debug|Any CPU
		{D825B09B-0752-4752-90BB-6816CE8AA372}.Release|Any CPU.ActiveCfg = Release|Any CPU
		{D825B09B-0752-4752-90BB-6816CE8AA372}.Release|Any CPU.Build.0 = Release|Any CPU
		{8B037511-BED7-4B88-8BB9-AAF77BB59720}.Debug|Any CPU.ActiveCfg = Debug|Any CPU
		{8B037511-BED7-4B88-8BB9-AAF77BB59720}.Debug|Any CPU.Build.0 = Debug|Any CPU
		{8B037511-BED7-4B88-8BB9-AAF77BB59720}.Release|Any CPU.ActiveCfg = Release|Any CPU
		{8B037511-BED7-4B88-8BB9-AAF77BB59720}.Release|Any CPU.Build.0 = Release|Any CPU
	EndGlobalSection
	GlobalSection(SolutionProperties) = preSolution
		HideSolutionNode = FALSE
	EndGlobalSection
	GlobalSection(ExtensibilityGlobals) = postSolution
		SolutionGuid = {066D65A2-823F-45AB-8AB1-EA7F18C1DF5E}
	EndGlobalSection
EndGlobal
